{
  "name": "contracts",
  "lockfileVersion": 3,
  "requires": true,
  "packages": {
    "": {
      "devDependencies": {
        "@shakerquiz/utilities": "0.5.178"
      },
      "version": "0.0.11"
    },
    "node_modules/@shakerquiz/utilities": {
      "version": "0.5.178",
      "resolved": "https://registry.npmjs.org/@shakerquiz/utilities/-/utilities-0.5.178.tgz",
      "integrity": "sha512-ErWc3t94Gh27+wQYL+G8NGLRlv6N+ED/QBM1umt9SuqabxFwigzIONglRIK5/huQnaOcMaA6WWJq6U3oi5nxDg==",
      "dev": true,
      "license": "ISC"
    }
  },
  "version": "0.0.11"
}
